
Microsoft Visual Studio Solution File, Format Version 12.00
# Visual Studio Version 16
VisualStudioVersion = 16.0.32126.315
MinimumVisualStudioVersion = 10.0.40219.1
Project("{FAE04EC0-301F-11D3-BF4B-00C04F79EFBC}") = "DiplomApp.Android", "DiplomApp.Android\DiplomApp.Android.csproj", "{F70DC692-09D5-42E7-9418-DF375F98E08F}"
EndProject
Project("{FAE04EC0-301F-11D3-BF4B-00C04F79EFBC}") = "DiplomApp.iOS", "DiplomApp.iOS\DiplomApp.iOS.csproj", "{DAA099BB-7C26-4C98-8ED7-5887D66B8079}"
EndProject
Project("{FAE04EC0-301F-11D3-BF4B-00C04F79EFBC}") = "DiplomApp", "DiplomApp\DiplomApp.csproj", "{78B259D1-DABE-45D9-BEF6-744F1C54968B}"
EndProject
Global
	GlobalSection(SolutionConfigurationPlatforms) = preSolution
		Debug|Any CPU = Debug|Any CPU
		Debug|iPhone = Debug|iPhone
		Debug|iPhoneSimulator = Debug|iPhoneSimulator
		Release|Any CPU = Release|Any CPU
		Release|iPhone = Release|iPhone
		Release|iPhoneSimulator = Release|iPhoneSimulator
	EndGlobalSection
	GlobalSection(ProjectConfigurationPlatforms) = postSolution
		{F70DC692-09D5-42E7-9418-DF375F98E08F}.Debug|Any CPU.ActiveCfg = Debug|Any CPU
		{F70DC692-09D5-42E7-9418-DF375F98E08F}.Debug|Any CPU.Build.0 = Debug|Any CPU
		{F70DC692-09D5-42E7-9418-DF375F98E08F}.Debug|Any CPU.Deploy.0 = Debug|Any CPU
		{F70DC692-09D5-42E7-9418-DF375F98E08F}.Debug|iPhone.ActiveCfg = Debug|Any CPU
		{F70DC692-09D5-42E7-9418-DF375F98E08F}.Debug|iPhone.Build.0 = Debug|Any CPU
		{F70DC692-09D5-42E7-9418-DF375F98E08F}.Debug|iPhone.Deploy.0 = Debug|Any CPU
		{F70DC692-09D5-42E7-9418-DF375F98E08F}.Debug|iPhoneSimulator.ActiveCfg = Debug|Any CPU
		{F70DC692-09D5-42E7-9418-DF375F98E08F}.Debug|iPhoneSimulator.Build.0 = Debug|Any CPU
		{F70DC692-09D5-42E7-9418-DF375F98E08F}.Debug|iPhoneSimulator.Deploy.0 = Debug|Any CPU
		{F70DC692-09D5-42E7-9418-DF375F98E08F}.Release|Any CPU.ActiveCfg = Release|Any CPU
		{F70DC692-09D5-42E7-9418-DF375F98E08F}.Release|Any CPU.Build.0 = Release|Any CPU
		{F70DC692-09D5-42E7-9418-DF375F98E08F}.Release|Any CPU.Deploy.0 = Release|Any CPU
		{F70DC692-09D5-42E7-9418-DF375F98E08F}.Release|iPhone.ActiveCfg = Release|Any CPU
		{F70DC692-09D5-42E7-9418-DF375F98E08F}.Release|iPhone.Build.0 = Release|Any CPU
		{F70DC692-09D5-42E7-9418-DF375F98E08F}.Release|iPhone.Deploy.0 = Release|Any CPU
		{F70DC692-09D5-42E7-9418-DF375F98E08F}.Release|iPhoneSimulator.ActiveCfg = Release|Any CPU
		{F70DC692-09D5-42E7-9418-DF375F98E08F}.Release|iPhoneSimulator.Build.0 = Release|Any CPU
		{F70DC692-09D5-42E7-9418-DF375F98E08F}.Release|iPhoneSimulator.Deploy.0 = Release|Any CPU
		{DAA099BB-7C26-4C98-8ED7-5887D66B8079}.Debug|Any CPU.ActiveCfg = Debug|iPhone
		{DAA099BB-7C26-4C98-8ED7-5887D66B8079}.Debug|Any CPU.Build.0 = Debug|iPhone
		{DAA099BB-7C26-4C98-8ED7-5887D66B8079}.Debug|Any CPU.Deploy.0 = Debug|iPhone
		{DAA099BB-7C26-4C98-8ED7-5887D66B8079}.Debug|iPhone.ActiveCfg = Debug|iPhone
		{DAA099BB-7C26-4C98-8ED7-5887D66B8079}.Debug|iPhone.Build.0 = Debug|iPhone
		{DAA099BB-7C26-4C98-8ED7-5887D66B8079}.Debug|iPhone.Deploy.0 = Debug|iPhone
		{DAA099BB-7C26-4C98-8ED7-5887D66B8079}.Debug|iPhoneSimulator.ActiveCfg = Debug|iPhoneSimulator
		{DAA099BB-7C26-4C98-8ED7-5887D66B8079}.Debug|iPhoneSimulator.Build.0 = Debug|iPhoneSimulator
		{DAA099BB-7C26-4C98-8ED7-5887D66B8079}.Debug|iPhoneSimulator.Deploy.0 = Debug|iPhoneSimulator
		{DAA099BB-7C26-4C98-8ED7-5887D66B8079}.Release|Any CPU.ActiveCfg = Release|iPhoneSimulator
		{DAA099BB-7C26-4C98-8ED7-5887D66B8079}.Release|Any CPU.Build.0 = Release|iPhoneSimulator
		{DAA099BB-7C26-4C98-8ED7-5887D66B8079}.Release|Any CPU.Deploy.0 = Release|iPhoneSimulator
		{DAA099BB-7C26-4C98-8ED7-5887D66B8079}.Release|iPhone.ActiveCfg = Release|iPhone
		{DAA099BB-7C26-4C98-8ED7-5887D66B8079}.Release|iPhone.Build.0 = Release|iPhone
		{DAA099BB-7C26-4C98-8ED7-5887D66B8079}.Release|iPhone.Deploy.0 = Release|iPhone
		{DAA099BB-7C26-4C98-8ED7-5887D66B8079}.Release|iPhoneSimulator.ActiveCfg = Release|iPhoneSimulator
		{DAA099BB-7C26-4C98-8ED7-5887D66B8079}.Release|iPhoneSimulator.Build.0 = Release|iPhoneSimulator
		{DAA099BB-7C26-4C98-8ED7-5887D66B8079}.Release|iPhoneSimulator.Deploy.0 = Release|iPhoneSimulator
		{78B259D1-DABE-45D9-BEF6-744F1C54968B}.Debug|Any CPU.ActiveCfg = Debug|Any CPU
		{78B259D1-DABE-45D9-BEF6-744F1C54968B}.Debug|Any CPU.Build.0 = Debug|Any CPU
		{78B259D1-DABE-45D9-BEF6-744F1C54968B}.Debug|Any CPU.Deploy.0 = Debug|Any CPU
		{78B259D1-DABE-45D9-BEF6-744F1C54968B}.Debug|iPhone.ActiveCfg = Debug|Any CPU
		{78B259D1-DABE-45D9-BEF6-744F1C54968B}.Debug|iPhone.Build.0 = Debug|Any CPU
		{78B259D1-DABE-45D9-BEF6-744F1C54968B}.Debug|iPhone.Deploy.0 = Debug|Any CPU
		{78B259D1-DABE-45D9-BEF6-744F1C54968B}.Debug|iPhoneSimulator.ActiveCfg = Debug|Any CPU
		{78B259D1-DABE-45D9-BEF6-744F1C54968B}.Debug|iPhoneSimulator.Build.0 = Debug|Any CPU
		{78B259D1-DABE-45D9-BEF6-744F1C54968B}.Debug|iPhoneSimulator.Deploy.0 = Debug|Any CPU
		{78B259D1-DABE-45D9-BEF6-744F1C54968B}.Release|Any CPU.ActiveCfg = Release|Any CPU
		{78B259D1-DABE-45D9-BEF6-744F1C54968B}.Release|Any CPU.Build.0 = Release|Any CPU
		{78B259D1-DABE-45D9-BEF6-744F1C54968B}.Release|Any CPU.Deploy.0 = Release|Any CPU
		{78B259D1-DABE-45D9-BEF6-744F1C54968B}.Release|iPhone.ActiveCfg = Release|Any CPU
		{78B259D1-DABE-45D9-BEF6-744F1C54968B}.Release|iPhone.Build.0 = Release|Any CPU
		{78B259D1-DABE-45D9-BEF6-744F1C54968B}.Release|iPhone.Deploy.0 = Release|Any CPU
		{78B259D1-DABE-45D9-BEF6-744F1C54968B}.Release|iPhoneSimulator.ActiveCfg = Release|Any CPU
		{78B259D1-DABE-45D9-BEF6-744F1C54968B}.Release|iPhoneSimulator.Build.0 = Release|Any CPU
		{78B259D1-DABE-45D9-BEF6-744F1C54968B}.Release|iPhoneSimulator.Deploy.0 = Release|Any CPU
	EndGlobalSection
	GlobalSection(SolutionProperties) = preSolution
		HideSolutionNode = FALSE
	EndGlobalSection
	GlobalSection(ExtensibilityGlobals) = postSolution
		SolutionGuid = {9BEA11AF-178D-4F4A-9471-6A4FC6343701}
	EndGlobalSection
EndGlobal
